
Microsoft Visual Studio Solution File, Format Version 12.00
# Visual Studio Version 16
VisualStudioVersion = 16.0.30011.22
MinimumVisualStudioVersion = 10.0.40219.1
Project("{FAE04EC0-301F-11D3-BF4B-00C04F79EFBC}") = "FA.LVIS.Tower.UI", "FA.LVIS.Tower.UI\FA.LVIS.Tower.UI.csproj", "{68622D3D-4E2C-4377-BCC0-21E1AABB6521}"
	ProjectSection(ProjectDependencies) = postProject
		{59635BD0-B8A9-4763-8D35-DAF42C2CAD03} = {59635BD0-B8A9-4763-8D35-DAF42C2CAD03}
	EndProjectSection
EndProject
Project("{FAE04EC0-301F-11D3-BF4B-00C04F79EFBC}") = "FA.LVIS.Tower.Data", "FA.LVIS.Tower.Data\FA.LVIS.Tower.Data.csproj", "{C4E2CE82-A7D8-4699-8992-8BAE86AF0912}"
EndProject
Project("{FAE04EC0-301F-11D3-BF4B-00C04F79EFBC}") = "FA.LVIS.Tower.DataContracts", "FA.LVIS.Tower.DataContracts\FA.LVIS.Tower.DataContracts.csproj", "{B01EB28A-6A8B-45FF-ACD5-5ADB5B286E85}"
EndProject
Project("{FAE04EC0-301F-11D3-BF4B-00C04F79EFBC}") = "FA.LVIS.Tower.Services", "FA.LVIS.Tower.Services\FA.LVIS.Tower.Services.csproj", "{59635BD0-B8A9-4763-8D35-DAF42C2CAD03}"
	ProjectSection(ProjectDependencies) = postProject
		{C4E2CE82-A7D8-4699-8992-8BAE86AF0912} = {C4E2CE82-A7D8-4699-8992-8BAE86AF0912}
	EndProjectSection
EndProject
Project("{FAE04EC0-301F-11D3-BF4B-00C04F79EFBC}") = "FA.LVIS.Tower.Core", "FA.LVIS.Tower.Core\FA.LVIS.Tower.Core.csproj", "{71A6CE24-9FAC-4564-ACBF-418BD68B8D22}"
EndProject
Project("{FAE04EC0-301F-11D3-BF4B-00C04F79EFBC}") = "FA.LVIS.Tower.ServiceInterfaceLib", "FA.LVIS.Tower.ServiceInterfaceLib\FA.LVIS.Tower.ServiceInterfaceLib.csproj", "{47596BD5-4CDC-46EC-A1DB-9FBC00DEDB4A}"
EndProject
Project("{FAE04EC0-301F-11D3-BF4B-00C04F79EFBC}") = "FA.LVIS.Tower.DataProviderInterfaceLib", "FA.LVIS.Tower.DataProviderInterfaceLib\FA.LVIS.Tower.DataProviderInterfaceLib.csproj", "{E33EC43D-7705-4CE7-A007-5B231B1929FB}"
EndProject
Project("{2150E333-8FDC-42A3-9474-1A3956D46DE8}") = "SampleImplementation", "SampleImplementation", "{0450D5F9-540E-49CA-BB34-2A47E6F01C63}"
EndProject
Project("{2150E333-8FDC-42A3-9474-1A3956D46DE8}") = "TestProjects", "TestProjects", "{E63A8FC3-D9C0-4F9B-9987-C2F531A8DBDD}"
EndProject
Project("{2150E333-8FDC-42A3-9474-1A3956D46DE8}") = "Config", "Config", "{FB277CC1-5D5F-473B-88B8-093EAF1C583A}"
EndProject
Project("{2150E333-8FDC-42A3-9474-1A3956D46DE8}") = "Solution Items", "Solution Items", "{A0E79D6B-2611-4149-8B14-FB786F10B900}"
EndProject
Project("{FAE04EC0-301F-11D3-BF4B-00C04F79EFBC}") = "FA.LVIS.Tower.FastDataSync", "FA.LVIS.Tower.FastDataSync\FA.LVIS.Tower.FastDataSync.csproj", "{C3B9AB9D-55DD-493B-A67C-2F3F31B49732}"
EndProject
Project("{FAE04EC0-301F-11D3-BF4B-00C04F79EFBC}") = "FA.LVIS.Tower.FASTProcessing", "FA.LVIS.Tower.FASTProcessing\FA.LVIS.Tower.FASTProcessing.csproj", "{C3A8A68B-37B9-4E1C-BCEF-403B592CC1D0}"
EndProject
Project("{FAE04EC0-301F-11D3-BF4B-00C04F79EFBC}") = "FA.LVIS.Tower.UnitTests.Business", "FA.LVIS.Tower.UnitTest.Business\FA.LVIS.Tower.UnitTests.Business.csproj", "{53D8A0A9-AEC6-4A92-9E95-70DA1B04A549}"
EndProject
Project("{FAE04EC0-301F-11D3-BF4B-00C04F79EFBC}") = "FA.LVIS.Tower.ResubmitProcess", "FA.LVIS.Tower.ResubmitProcess\FA.LVIS.Tower.ResubmitProcess.csproj", "{3895081D-09B3-4C99-BC2B-CF102164C5F6}"
EndProject
Project("{FAE04EC0-301F-11D3-BF4B-00C04F79EFBC}") = "FA.LVIS.Tower.BEQResubmitProcess", "FA.LVIS.Tower.BEQResubmitProcess\FA.LVIS.Tower.BEQResubmitProcess.csproj", "{82A99A13-E351-4C69-92FD-0728181D0827}"
EndProject
Project("{FAE04EC0-301F-11D3-BF4B-00C04F79EFBC}") = "FA.LVIS.Tower.BEQRejectProcess", "FA.LVIS.Tower.BEQRejectProcess\FA.LVIS.Tower.BEQRejectProcess.csproj", "{CF1582A8-C12C-4045-8452-4525B4C8E86D}"
EndProject
Project("{FAE04EC0-301F-11D3-BF4B-00C04F79EFBC}") = "FA.LVIS.Tower.RetryResubmitProcess", "FA.LVIS.Tower.RetryResubmitProcess\FA.LVIS.Tower.RetryResubmitProcess.csproj", "{46024C78-6944-48D0-B3DA-8BBB619036FE}"
EndProject
Project("{FAE04EC0-301F-11D3-BF4B-00C04F79EFBC}") = "FA.LVIS.Tower.FastWebProcessing", "FA.LVIS.Tower.FastWebProcessing\FA.LVIS.Tower.FastWebProcessing.csproj", "{CF216D80-508D-42D7-951E-680020D6F77D}"
EndProject
Project("{FAE04EC0-301F-11D3-BF4B-00C04F79EFBC}") = "FA.LVIS.Tower.WebhookProcessing", "FA.LVIS.Tower.WebhookProcessing\FA.LVIS.Tower.WebhookProcessing.csproj", "{A7A6471E-6FF3-4E4F-BA58-280D7EEB07AE}"
EndProject
Project("{FAE04EC0-301F-11D3-BF4B-00C04F79EFBC}") = "TibcoMessaging", "TibcoMessaging\TibcoMessaging.csproj", "{52C8D43B-3000-4CEC-B2A8-9C20FCEF52A3}"
EndProject
Project("{FAE04EC0-301F-11D3-BF4B-00C04F79EFBC}") = "LVIS.Adapters.EMSAdapter", "LVIS.Adapters.EMSAdapter\LVIS.Adapters.EMSAdapter.csproj", "{6A6561B1-6410-4E02-8D6C-38B118C53CF3}"
EndProject
Project("{FAE04EC0-301F-11D3-BF4B-00C04F79EFBC}") = "FAF.Messaging", "FAF.Messaging\FAF.Messaging.csproj", "{C33DAD78-D07C-417E-94FF-625D91B0ECE1}"
EndProject
Project("{FAE04EC0-301F-11D3-BF4B-00C04F79EFBC}") = "FA.LVIS.CommonHelper", "FA.LVIS.CommonHelper\FA.LVIS.CommonHelper.csproj", "{3866B3BB-367D-40CA-850C-C55E47FF9318}"
EndProject
Global
	GlobalSection(SolutionConfigurationPlatforms) = preSolution
		Debug|Any CPU = Debug|Any CPU
		Release|Any CPU = Release|Any CPU
		Stage|Any CPU = Stage|Any CPU
	EndGlobalSection
	GlobalSection(ProjectConfigurationPlatforms) = postSolution
		{68622D3D-4E2C-4377-BCC0-21E1AABB6521}.Debug|Any CPU.ActiveCfg = Debug|Any CPU
		{68622D3D-4E2C-4377-BCC0-21E1AABB6521}.Debug|Any CPU.Build.0 = Debug|Any CPU
		{68622D3D-4E2C-4377-BCC0-21E1AABB6521}.Release|Any CPU.ActiveCfg = Release|Any CPU
		{68622D3D-4E2C-4377-BCC0-21E1AABB6521}.Release|Any CPU.Build.0 = Release|Any CPU
		{68622D3D-4E2C-4377-BCC0-21E1AABB6521}.Stage|Any CPU.ActiveCfg = Release|Any CPU
		{68622D3D-4E2C-4377-BCC0-21E1AABB6521}.Stage|Any CPU.Build.0 = Release|Any CPU
		{C4E2CE82-A7D8-4699-8992-8BAE86AF0912}.Debug|Any CPU.ActiveCfg = Debug|Any CPU
		{C4E2CE82-A7D8-4699-8992-8BAE86AF0912}.Debug|Any CPU.Build.0 = Debug|Any CPU
		{C4E2CE82-A7D8-4699-8992-8BAE86AF0912}.Release|Any CPU.ActiveCfg = Release|Any CPU
		{C4E2CE82-A7D8-4699-8992-8BAE86AF0912}.Release|Any CPU.Build.0 = Release|Any CPU
		{C4E2CE82-A7D8-4699-8992-8BAE86AF0912}.Stage|Any CPU.ActiveCfg = Release|Any CPU
		{C4E2CE82-A7D8-4699-8992-8BAE86AF0912}.Stage|Any CPU.Build.0 = Release|Any CPU
		{B01EB28A-6A8B-45FF-ACD5-5ADB5B286E85}.Debug|Any CPU.ActiveCfg = Debug|Any CPU
		{B01EB28A-6A8B-45FF-ACD5-5ADB5B286E85}.Debug|Any CPU.Build.0 = Debug|Any CPU
		{B01EB28A-6A8B-45FF-ACD5-5ADB5B286E85}.Release|Any CPU.ActiveCfg = Release|Any CPU
		{B01EB28A-6A8B-45FF-ACD5-5ADB5B286E85}.Release|Any CPU.Build.0 = Release|Any CPU
		{B01EB28A-6A8B-45FF-ACD5-5ADB5B286E85}.Stage|Any CPU.ActiveCfg = Release|Any CPU
		{B01EB28A-6A8B-45FF-ACD5-5ADB5B286E85}.Stage|Any CPU.Build.0 = Release|Any CPU
		{59635BD0-B8A9-4763-8D35-DAF42C2CAD03}.Debug|Any CPU.ActiveCfg = Debug|Any CPU
		{59635BD0-B8A9-4763-8D35-DAF42C2CAD03}.Debug|Any CPU.Build.0 = Debug|Any CPU
		{59635BD0-B8A9-4763-8D35-DAF42C2CAD03}.Release|Any CPU.ActiveCfg = Release|Any CPU
		{59635BD0-B8A9-4763-8D35-DAF42C2CAD03}.Release|Any CPU.Build.0 = Release|Any CPU
		{59635BD0-B8A9-4763-8D35-DAF42C2CAD03}.Stage|Any CPU.ActiveCfg = Release|Any CPU
		{59635BD0-B8A9-4763-8D35-DAF42C2CAD03}.Stage|Any CPU.Build.0 = Release|Any CPU
		{71A6CE24-9FAC-4564-ACBF-418BD68B8D22}.Debug|Any CPU.ActiveCfg = Debug|Any CPU
		{71A6CE24-9FAC-4564-ACBF-418BD68B8D22}.Debug|Any CPU.Build.0 = Debug|Any CPU
		{71A6CE24-9FAC-4564-ACBF-418BD68B8D22}.Release|Any CPU.ActiveCfg = Release|Any CPU
		{71A6CE24-9FAC-4564-ACBF-418BD68B8D22}.Release|Any CPU.Build.0 = Release|Any CPU
		{71A6CE24-9FAC-4564-ACBF-418BD68B8D22}.Stage|Any CPU.ActiveCfg = Release|Any CPU
		{71A6CE24-9FAC-4564-ACBF-418BD68B8D22}.Stage|Any CPU.Build.0 = Release|Any CPU
		{47596BD5-4CDC-46EC-A1DB-9FBC00DEDB4A}.Debug|Any CPU.ActiveCfg = Debug|Any CPU
		{47596BD5-4CDC-46EC-A1DB-9FBC00DEDB4A}.Debug|Any CPU.Build.0 = Debug|Any CPU
		{47596BD5-4CDC-46EC-A1DB-9FBC00DEDB4A}.Release|Any CPU.ActiveCfg = Release|Any CPU
		{47596BD5-4CDC-46EC-A1DB-9FBC00DEDB4A}.Release|Any CPU.Build.0 = Release|Any CPU
		{47596BD5-4CDC-46EC-A1DB-9FBC00DEDB4A}.Stage|Any CPU.ActiveCfg = Release|Any CPU
		{47596BD5-4CDC-46EC-A1DB-9FBC00DEDB4A}.Stage|Any CPU.Build.0 = Release|Any CPU
		{E33EC43D-7705-4CE7-A007-5B231B1929FB}.Debug|Any CPU.ActiveCfg = Debug|Any CPU
		{E33EC43D-7705-4CE7-A007-5B231B1929FB}.Debug|Any CPU.Build.0 = Debug|Any CPU
		{E33EC43D-7705-4CE7-A007-5B231B1929FB}.Release|Any CPU.ActiveCfg = Release|Any CPU
		{E33EC43D-7705-4CE7-A007-5B231B1929FB}.Release|Any CPU.Build.0 = Release|Any CPU
		{E33EC43D-7705-4CE7-A007-5B231B1929FB}.Stage|Any CPU.ActiveCfg = Release|Any CPU
		{E33EC43D-7705-4CE7-A007-5B231B1929FB}.Stage|Any CPU.Build.0 = Release|Any CPU
		{C3B9AB9D-55DD-493B-A67C-2F3F31B49732}.Debug|Any CPU.ActiveCfg = Debug|Any CPU
		{C3B9AB9D-55DD-493B-A67C-2F3F31B49732}.Debug|Any CPU.Build.0 = Debug|Any CPU
		{C3B9AB9D-55DD-493B-A67C-2F3F31B49732}.Release|Any CPU.ActiveCfg = Release|Any CPU
		{C3B9AB9D-55DD-493B-A67C-2F3F31B49732}.Release|Any CPU.Build.0 = Release|Any CPU
		{C3B9AB9D-55DD-493B-A67C-2F3F31B49732}.Stage|Any CPU.ActiveCfg = Release|Any CPU
		{C3B9AB9D-55DD-493B-A67C-2F3F31B49732}.Stage|Any CPU.Build.0 = Release|Any CPU
		{C3A8A68B-37B9-4E1C-BCEF-403B592CC1D0}.Debug|Any CPU.ActiveCfg = Debug|Any CPU
		{C3A8A68B-37B9-4E1C-BCEF-403B592CC1D0}.Debug|Any CPU.Build.0 = Debug|Any CPU
		{C3A8A68B-37B9-4E1C-BCEF-403B592CC1D0}.Release|Any CPU.ActiveCfg = Release|Any CPU
		{C3A8A68B-37B9-4E1C-BCEF-403B592CC1D0}.Release|Any CPU.Build.0 = Release|Any CPU
		{C3A8A68B-37B9-4E1C-BCEF-403B592CC1D0}.Stage|Any CPU.ActiveCfg = Stage|Any CPU
		{C3A8A68B-37B9-4E1C-BCEF-403B592CC1D0}.Stage|Any CPU.Build.0 = Stage|Any CPU
		{53D8A0A9-AEC6-4A92-9E95-70DA1B04A549}.Debug|Any CPU.ActiveCfg = Debug|Any CPU
		{53D8A0A9-AEC6-4A92-9E95-70DA1B04A549}.Debug|Any CPU.Build.0 = Debug|Any CPU
		{53D8A0A9-AEC6-4A92-9E95-70DA1B04A549}.Release|Any CPU.ActiveCfg = Release|Any CPU
		{53D8A0A9-AEC6-4A92-9E95-70DA1B04A549}.Release|Any CPU.Build.0 = Release|Any CPU
		{53D8A0A9-AEC6-4A92-9E95-70DA1B04A549}.Stage|Any CPU.ActiveCfg = Release|Any CPU
		{53D8A0A9-AEC6-4A92-9E95-70DA1B04A549}.Stage|Any CPU.Build.0 = Release|Any CPU
		{3895081D-09B3-4C99-BC2B-CF102164C5F6}.Debug|Any CPU.ActiveCfg = Debug|Any CPU
		{3895081D-09B3-4C99-BC2B-CF102164C5F6}.Debug|Any CPU.Build.0 = Debug|Any CPU
		{3895081D-09B3-4C99-BC2B-CF102164C5F6}.Release|Any CPU.ActiveCfg = Release|Any CPU
		{3895081D-09B3-4C99-BC2B-CF102164C5F6}.Release|Any CPU.Build.0 = Release|Any CPU
		{3895081D-09B3-4C99-BC2B-CF102164C5F6}.Stage|Any CPU.ActiveCfg = Release|Any CPU
		{3895081D-09B3-4C99-BC2B-CF102164C5F6}.Stage|Any CPU.Build.0 = Release|Any CPU
		{82A99A13-E351-4C69-92FD-0728181D0827}.Debug|Any CPU.ActiveCfg = Debug|Any CPU
		{82A99A13-E351-4C69-92FD-0728181D0827}.Debug|Any CPU.Build.0 = Debug|Any CPU
		{82A99A13-E351-4C69-92FD-0728181D0827}.Release|Any CPU.ActiveCfg = Release|Any CPU
		{82A99A13-E351-4C69-92FD-0728181D0827}.Release|Any CPU.Build.0 = Release|Any CPU
		{82A99A13-E351-4C69-92FD-0728181D0827}.Stage|Any CPU.ActiveCfg = Release|Any CPU
		{82A99A13-E351-4C69-92FD-0728181D0827}.Stage|Any CPU.Build.0 = Release|Any CPU
		{CF1582A8-C12C-4045-8452-4525B4C8E86D}.Debug|Any CPU.ActiveCfg = Debug|Any CPU
		{CF1582A8-C12C-4045-8452-4525B4C8E86D}.Debug|Any CPU.Build.0 = Debug|Any CPU
		{CF1582A8-C12C-4045-8452-4525B4C8E86D}.Release|Any CPU.ActiveCfg = Release|Any CPU
		{CF1582A8-C12C-4045-8452-4525B4C8E86D}.Release|Any CPU.Build.0 = Release|Any CPU
		{CF1582A8-C12C-4045-8452-4525B4C8E86D}.Stage|Any CPU.ActiveCfg = Release|Any CPU
		{CF1582A8-C12C-4045-8452-4525B4C8E86D}.Stage|Any CPU.Build.0 = Release|Any CPU
		{46024C78-6944-48D0-B3DA-8BBB619036FE}.Debug|Any CPU.ActiveCfg = Debug|Any CPU
		{46024C78-6944-48D0-B3DA-8BBB619036FE}.Debug|Any CPU.Build.0 = Debug|Any CPU
		{46024C78-6944-48D0-B3DA-8BBB619036FE}.Release|Any CPU.ActiveCfg = Release|Any CPU
		{46024C78-6944-48D0-B3DA-8BBB619036FE}.Release|Any CPU.Build.0 = Release|Any CPU
		{46024C78-6944-48D0-B3DA-8BBB619036FE}.Stage|Any CPU.ActiveCfg = Release|Any CPU
		{46024C78-6944-48D0-B3DA-8BBB619036FE}.Stage|Any CPU.Build.0 = Release|Any CPU
		{CF216D80-508D-42D7-951E-680020D6F77D}.Debug|Any CPU.ActiveCfg = Debug|Any CPU
		{CF216D80-508D-42D7-951E-680020D6F77D}.Debug|Any CPU.Build.0 = Debug|Any CPU
		{CF216D80-508D-42D7-951E-680020D6F77D}.Release|Any CPU.ActiveCfg = Release|Any CPU
		{CF216D80-508D-42D7-951E-680020D6F77D}.Release|Any CPU.Build.0 = Release|Any CPU
		{CF216D80-508D-42D7-951E-680020D6F77D}.Stage|Any CPU.ActiveCfg = Release|Any CPU
		{CF216D80-508D-42D7-951E-680020D6F77D}.Stage|Any CPU.Build.0 = Release|Any CPU
		{A7A6471E-6FF3-4E4F-BA58-280D7EEB07AE}.Debug|Any CPU.ActiveCfg = Debug|Any CPU
		{A7A6471E-6FF3-4E4F-BA58-280D7EEB07AE}.Debug|Any CPU.Build.0 = Debug|Any CPU
		{A7A6471E-6FF3-4E4F-BA58-280D7EEB07AE}.Release|Any CPU.ActiveCfg = Release|Any CPU
		{A7A6471E-6FF3-4E4F-BA58-280D7EEB07AE}.Release|Any CPU.Build.0 = Release|Any CPU
		{A7A6471E-6FF3-4E4F-BA58-280D7EEB07AE}.Stage|Any CPU.ActiveCfg = Release|Any CPU
		{A7A6471E-6FF3-4E4F-BA58-280D7EEB07AE}.Stage|Any CPU.Build.0 = Release|Any CPU
		{52C8D43B-3000-4CEC-B2A8-9C20FCEF52A3}.Debug|Any CPU.ActiveCfg = Debug|Any CPU
		{52C8D43B-3000-4CEC-B2A8-9C20FCEF52A3}.Debug|Any CPU.Build.0 = Debug|Any CPU
		{52C8D43B-3000-4CEC-B2A8-9C20FCEF52A3}.Release|Any CPU.ActiveCfg = Release|Any CPU
		{52C8D43B-3000-4CEC-B2A8-9C20FCEF52A3}.Release|Any CPU.Build.0 = Release|Any CPU
		{52C8D43B-3000-4CEC-B2A8-9C20FCEF52A3}.Stage|Any CPU.ActiveCfg = Debug|Any CPU
		{52C8D43B-3000-4CEC-B2A8-9C20FCEF52A3}.Stage|Any CPU.Build.0 = Debug|Any CPU
		{6A6561B1-6410-4E02-8D6C-38B118C53CF3}.Debug|Any CPU.ActiveCfg = Debug|Any CPU
		{6A6561B1-6410-4E02-8D6C-38B118C53CF3}.Debug|Any CPU.Build.0 = Debug|Any CPU
		{6A6561B1-6410-4E02-8D6C-38B118C53CF3}.Release|Any CPU.ActiveCfg = Release|Any CPU
		{6A6561B1-6410-4E02-8D6C-38B118C53CF3}.Release|Any CPU.Build.0 = Release|Any CPU
		{6A6561B1-6410-4E02-8D6C-38B118C53CF3}.Stage|Any CPU.ActiveCfg = Debug|Any CPU
		{6A6561B1-6410-4E02-8D6C-38B118C53CF3}.Stage|Any CPU.Build.0 = Debug|Any CPU
		{C33DAD78-D07C-417E-94FF-625D91B0ECE1}.Debug|Any CPU.ActiveCfg = Debug|Any CPU
		{C33DAD78-D07C-417E-94FF-625D91B0ECE1}.Debug|Any CPU.Build.0 = Debug|Any CPU
		{C33DAD78-D07C-417E-94FF-625D91B0ECE1}.Release|Any CPU.ActiveCfg = Release|Any CPU
		{C33DAD78-D07C-417E-94FF-625D91B0ECE1}.Release|Any CPU.Build.0 = Release|Any CPU
		{C33DAD78-D07C-417E-94FF-625D91B0ECE1}.Stage|Any CPU.ActiveCfg = Debug|Any CPU
		{C33DAD78-D07C-417E-94FF-625D91B0ECE1}.Stage|Any CPU.Build.0 = Debug|Any CPU
		{3866B3BB-367D-40CA-850C-C55E47FF9318}.Debug|Any CPU.ActiveCfg = Debug|Any CPU
		{3866B3BB-367D-40CA-850C-C55E47FF9318}.Debug|Any CPU.Build.0 = Debug|Any CPU
		{3866B3BB-367D-40CA-850C-C55E47FF9318}.Release|Any CPU.ActiveCfg = Release|Any CPU
		{3866B3BB-367D-40CA-850C-C55E47FF9318}.Release|Any CPU.Build.0 = Release|Any CPU
		{3866B3BB-367D-40CA-850C-C55E47FF9318}.Stage|Any CPU.ActiveCfg = Debug|Any CPU
		{3866B3BB-367D-40CA-850C-C55E47FF9318}.Stage|Any CPU.Build.0 = Debug|Any CPU
	EndGlobalSection
	GlobalSection(SolutionProperties) = preSolution
		HideSolutionNode = FALSE
	EndGlobalSection
	GlobalSection(NestedProjects) = preSolution
		{53D8A0A9-AEC6-4A92-9E95-70DA1B04A549} = {E63A8FC3-D9C0-4F9B-9987-C2F531A8DBDD}
	EndGlobalSection
	GlobalSection(ExtensibilityGlobals) = postSolution
		SolutionGuid = {FAD67561-1015-4498-8DCB-DB02110525C6}
	EndGlobalSection
EndGlobal
